version: 2.0
shards:
  fnv:
    git: https://github.com/naqvis/crystal-fnv.git
    version: 0.1.3

  html5:
    git: https://github.com/naqvis/crystal-html5.git
    version: 0.5.0

  nested_scheduler:
    git: https://github.com/yxhuvud/nested_scheduler.git
    version: 0.6.2

  xpath2:
    git: https://github.com/naqvis/crystal-xpath2.git
    version: 0.1.3

